// !$*UTF8*$!
{
	archiveVersion = 1;
	classes = {
	};
	objectVersion = 50;
	objects = {

/* Begin PBXBuildFile section */
		7CAEE7AF26F0968600EF7B39 /* AppDelegate.swift in Sources */ = {isa = PBXBuildFile; fileRef = 7CAEE7AE26F0968600EF7B39 /* AppDelegate.swift */; };
		7CAEE7B126F0968600EF7B39 /* SceneDelegate.swift in Sources */ = {isa = PBXBuildFile; fileRef = 7CAEE7B026F0968600EF7B39 /* SceneDelegate.swift */; };
		7CAEE7B326F0968600EF7B39 /* ViewController.swift in Sources */ = {isa = PBXBuildFile; fileRef = 7CAEE7B226F0968600EF7B39 /* ViewController.swift */; };
		7CAEE7B626F0968600EF7B39 /* Main.storyboard in Resources */ = {isa = PBXBuildFile; fileRef = 7CAEE7B426F0968600EF7B39 /* Main.storyboard */; };
		7CAEE7B826F0968700EF7B39 /* Assets.xcassets in Resources */ = {isa = PBXBuildFile; fileRef = 7CAEE7B726F0968700EF7B39 /* Assets.xcassets */; };
		7CAEE7BB26F0968700EF7B39 /* LaunchScreen.storyboard in Resources */ = {isa = PBXBuildFile; fileRef = 7CAEE7B926F0968700EF7B39 /* LaunchScreen.storyboard */; };
		7CAEE7C626F0968700EF7B39 /* BannerSliderTests.swift in Sources */ = {isa = PBXBuildFile; fileRef = 7CAEE7C526F0968700EF7B39 /* BannerSliderTests.swift */; };
		7CAEE7D126F0968700EF7B39 /* BannerSliderUITests.swift in Sources */ = {isa = PBXBuildFile; fileRef = 7CAEE7D026F0968700EF7B39 /* BannerSliderUITests.swift */; };
		7CFF78B026F1BF75002888F6 /* SliderCell.swift in Sources */ = {isa = PBXBuildFile; fileRef = 7CFF78AF26F1BF75002888F6 /* SliderCell.swift */; };
/* End PBXBuildFile section */

/* Begin PBXContainerItemProxy section */
		7CAEE7C226F0968700EF7B39 /* PBXContainerItemProxy */ = {
			isa = PBXContainerItemProxy;
			containerPortal = 7CAEE7A326F0968600EF7B39 /* Project object */;
			proxyType = 1;
			remoteGlobalIDString = 7CAEE7AA26F0968600EF7B39;
			remoteInfo = BannerSlider;
		};
		7CAEE7CD26F0968700EF7B39 /* PBXContainerItemProxy */ = {
			isa = PBXContainerItemProxy;
			containerPortal = 7CAEE7A326F0968600EF7B39 /* Project object */;
			proxyType = 1;
			remoteGlobalIDString = 7CAEE7AA26F0968600EF7B39;
			remoteInfo = BannerSlider;
		};
/* End PBXContainerItemProxy section */

/* Begin PBXFileReference section */
		7CAEE7AB26F0968600EF7B39 /* BannerSlider.app */ = {isa = PBXFileReference; explicitFileType = wrapper.application; includeInIndex = 0; path = BannerSlider.app; sourceTree = BUILT_PRODUCTS_DIR; };
		7CAEE7AE26F0968600EF7B39 /* AppDelegate.swift */ = {isa = PBXFileReference; lastKnownFileType = sourcecode.swift; path = AppDelegate.swift; sourceTree = "<group>"; };
		7CAEE7B026F0968600EF7B39 /* SceneDelegate.swift */ = {isa = PBXFileReference; lastKnownFileType = sourcecode.swift; path = SceneDelegate.swift; sourceTree = "<group>"; };
		7CAEE7B226F0968600EF7B39 /* ViewController.swift */ = {isa = PBXFileReference; lastKnownFileType = sourcecode.swift; path = ViewController.swift; sourceTree = "<group>"; };
		7CAEE7B526F0968600EF7B39 /* Base */ = {isa = PBXFileReference; lastKnownFileType = file.storyboard; name = Base; path = Base.lproj/Main.storyboard; sourceTree = "<group>"; };
		7CAEE7B726F0968700EF7B39 /* Assets.xcassets */ = {isa = PBXFileReference; lastKnownFileType = folder.assetcatalog; path = Assets.xcassets; sourceTree = "<group>"; };
		7CAEE7BA26F0968700EF7B39 /* Base */ = {isa = PBXFileReference; lastKnownFileType = file.storyboard; name = Base; path = Base.lproj/LaunchScreen.storyboard; sourceTree = "<group>"; };
		7CAEE7BC26F0968700EF7B39 /* Info.plist */ = {isa = PBXFileReference; lastKnownFileType = text.plist.xml; path = Info.plist; sourceTree = "<group>"; };
		7CAEE7C126F0968700EF7B39 /* BannerSliderTests.xctest */ = {isa = PBXFileReference; explicitFileType = wrapper.cfbundle; includeInIndex = 0; path = BannerSliderTests.xctest; sourceTree = BUILT_PRODUCTS_DIR; };
		7CAEE7C526F0968700EF7B39 /* BannerSliderTests.swift */ = {isa = PBXFileReference; lastKnownFileType = sourcecode.swift; path = BannerSliderTests.swift; sourceTree = "<group>"; };
		7CAEE7C726F0968700EF7B39 /* Info.plist */ = {isa = PBXFileReference; lastKnownFileType = text.plist.xml; path = Info.plist; sourceTree = "<group>"; };
		7CAEE7CC26F0968700EF7B39 /* BannerSliderUITests.xctest */ = {isa = PBXFileReference; explicitFileType = wrapper.cfbundle; includeInIndex = 0; path = BannerSliderUITests.xctest; sourceTree = BUILT_PRODUCTS_DIR; };
		7CAEE7D026F0968700EF7B39 /* BannerSliderUITests.swift */ = {isa = PBXFileReference; lastKnownFileType = sourcecode.swift; path = BannerSliderUITests.swift; sourceTree = "<group>"; };
		7CAEE7D226F0968700EF7B39 /* Info.plist */ = {isa = PBXFileReference; lastKnownFileType = text.plist.xml; path = Info.plist; sourceTree = "<group>"; };
		7CFF78AF26F1BF75002888F6 /* SliderCell.swift */ = {isa = PBXFileReference; lastKnownFileType = sourcecode.swift; path = SliderCell.swift; sourceTree = "<group>"; };
/* End PBXFileReference section */

/* Begin PBXFrameworksBuildPhase section */
		7CAEE7A826F0968600EF7B39 /* Frameworks */ = {
			isa = PBXFrameworksBuildPhase;
			buildActionMask = 2147483647;
			files = (
			);
			runOnlyForDeploymentPostprocessing = 0;
		};
		7CAEE7BE26F0968700EF7B39 /* Frameworks */ = {
			isa = PBXFrameworksBuildPhase;
			buildActionMask = 2147483647;
			files = (
			);
			runOnlyForDeploymentPostprocessing = 0;
		};
		7CAEE7C926F0968700EF7B39 /* Frameworks */ = {
			isa = PBXFrameworksBuildPhase;
			buildActionMask = 2147483647;
			files = (
			);
			runOnlyForDeploymentPostprocessing = 0;
		};
/* End PBXFrameworksBuildPhase section */

/* Begin PBXGroup section */
		7CAEE7A226F0968600EF7B39 = {
			isa = PBXGroup;
			children = (
				7CAEE7AD26F0968600EF7B39 /* BannerSlider */,
				7CAEE7C426F0968700EF7B39 /* BannerSliderTests */,
				7CAEE7CF26F0968700EF7B39 /* BannerSliderUITests */,
				7CAEE7AC26F0968600EF7B39 /* Products */,
			);
			sourceTree = "<group>";
		};
		7CAEE7AC26F0968600EF7B39 /* Products */ = {
			isa = PBXGroup;
			children = (
				7CAEE7AB26F0968600EF7B39 /* BannerSlider.app */,
				7CAEE7C126F0968700EF7B39 /* BannerSliderTests.xctest */,
				7CAEE7CC26F0968700EF7B39 /* BannerSliderUITests.xctest */,
			);
			name = Products;
			sourceTree = "<group>";
		};
		7CAEE7AD26F0968600EF7B39 /* BannerSlider */ = {
			isa = PBXGroup;
			children = (
				7CAEE7AE26F0968600EF7B39 /* AppDelegate.swift */,
				7CAEE7B026F0968600EF7B39 /* SceneDelegate.swift */,
				7CAEE7B226F0968600EF7B39 /* ViewController.swift */,
				7CFF78AF26F1BF75002888F6 /* SliderCell.swift */,
				7CAEE7B426F0968600EF7B39 /* Main.storyboard */,
				7CAEE7B726F0968700EF7B39 /* Assets.xcassets */,
				7CAEE7B926F0968700EF7B39 /* LaunchScreen.storyboard */,
				7CAEE7BC26F0968700EF7B39 /* Info.plist */,
			);
			path = BannerSlider;
			sourceTree = "<group>";
		};
		7CAEE7C426F0968700EF7B39 /* BannerSliderTests */ = {
			isa = PBXGroup;
			children = (
				7CAEE7C526F0968700EF7B39 /* BannerSliderTests.swift */,
				7CAEE7C726F0968700EF7B39 /* Info.plist */,
			);
			path = BannerSliderTests;
			sourceTree = "<group>";
		};
		7CAEE7CF26F0968700EF7B39 /* BannerSliderUITests */ = {
			isa = PBXGroup;
			children = (
				7CAEE7D026F0968700EF7B39 /* BannerSliderUITests.swift */,
				7CAEE7D226F0968700EF7B39 /* Info.plist */,
			);
			path = BannerSliderUITests;
			sourceTree = "<group>";
		};
/* End PBXGroup section */

/* Begin PBXNativeTarget section */
		7CAEE7AA26F0968600EF7B39 /* BannerSlider */ = {
			isa = PBXNativeTarget;
			buildConfigurationList = 7CAEE7D526F0968700EF7B39 /* Build configuration list for PBXNativeTarget "BannerSlider" */;
			buildPhases = (
				7CAEE7A726F0968600EF7B39 /* Sources */,
				7CAEE7A826F0968600EF7B39 /* Frameworks */,
				7CAEE7A926F0968600EF7B39 /* Resources */,
			);
			buildRules = (
			);
			dependencies = (
			);
			name = BannerSlider;
			productName = BannerSlider;
			productReference = 7CAEE7AB26F0968600EF7B39 /* BannerSlider.app */;
			productType = "com.apple.product-type.application";
		};
		7CAEE7C026F0968700EF7B39 /* BannerSliderTests */ = {
			isa = PBXNativeTarget;
			buildConfigurationList = 7CAEE7D826F0968700EF7B39 /* Build configuration list for PBXNativeTarget "BannerSliderTests" */;
			buildPhases = (
				7CAEE7BD26F0968700EF7B39 /* Sources */,
				7CAEE7BE26F0968700EF7B39 /* Frameworks */,
				7CAEE7BF26F0968700EF7B39 /* Resources */,
			);
			buildRules = (
			);
			dependencies = (
				7CAEE7C326F0968700EF7B39 /* PBXTargetDependency */,
			);
			name = BannerSliderTests;
			productName = BannerSliderTests;
			productReference = 7CAEE7C126F0968700EF7B39 /* BannerSliderTests.xctest */;
			productType = "com.apple.product-type.bundle.unit-test";
		};
		7CAEE7CB26F0968700EF7B39 /* BannerSliderUITests */ = {
			isa = PBXNativeTarget;
			buildConfigurationList = 7CAEE7DB26F0968700EF7B39 /* Build configuration list for PBXNativeTarget "BannerSliderUITests" */;
			buildPhases = (
				7CAEE7C826F0968700EF7B39 /* Sources */,
				7CAEE7C926F0968700EF7B39 /* Frameworks */,
				7CAEE7CA26F0968700EF7B39 /* Resources */,
			);
			buildRules = (
			);
			dependencies = (
				7CAEE7CE26F0968700EF7B39 /* PBXTargetDependency */,
			);
			name = BannerSliderUITests;
			productName = BannerSliderUITests;
			productReference = 7CAEE7CC26F0968700EF7B39 /* BannerSliderUITests.xctest */;
			productType = "com.apple.product-type.bundle.ui-testing";
		};
/* End PBXNativeTarget section */

/* Begin PBXProject section */
		7CAEE7A326F0968600EF7B39 /* Project object */ = {
			isa = PBXProject;
			attributes = {
				LastSwiftUpdateCheck = 1240;
				LastUpgradeCheck = 1240;
				TargetAttributes = {
					7CAEE7AA26F0968600EF7B39 = {
						CreatedOnToolsVersion = 12.4;
					};
					7CAEE7C026F0968700EF7B39 = {
						CreatedOnToolsVersion = 12.4;
						TestTargetID = 7CAEE7AA26F0968600EF7B39;
					};
					7CAEE7CB26F0968700EF7B39 = {
						CreatedOnToolsVersion = 12.4;
						TestTargetID = 7CAEE7AA26F0968600EF7B39;
					};
				};
			};
			buildConfigurationList = 7CAEE7A626F0968600EF7B39 /* Build configuration list for PBXProject "BannerSlider" */;
			compatibilityVersion = "Xcode 9.3";
			developmentRegion = en;
			hasScannedForEncodings = 0;
			knownRegions = (
				en,
				Base,
			);
			mainGroup = 7CAEE7A226F0968600EF7B39;
			productRefGroup = 7CAEE7AC26F0968600EF7B39 /* Products */;
			projectDirPath = "";
			projectRoot = "";
			targets = (
				7CAEE7AA26F0968600EF7B39 /* BannerSlider */,
				7CAEE7C026F0968700EF7B39 /* BannerSliderTests */,
				7CAEE7CB26F0968700EF7B39 /* BannerSliderUITests */,
			);
		};
/* End PBXProject section */

/* Begin PBXResourcesBuildPhase section */
		7CAEE7A926F0968600EF7B39 /* Resources */ = {
			isa = PBXResourcesBuildPhase;
			buildActionMask = 2147483647;
			files = (
				7CAEE7BB26F0968700EF7B39 /* LaunchScreen.storyboard in Resources */,
				7CAEE7B826F0968700EF7B39 /* Assets.xcassets in Resources */,
				7CAEE7B626F0968600EF7B39 /* Main.storyboard in Resources */,
			);
			runOnlyForDeploymentPostprocessing = 0;
		};
		7CAEE7BF26F0968700EF7B39 /* Resources */ = {
			isa = PBXResourcesBuildPhase;
			buildActionMask = 2147483647;
			files = (
			);
			runOnlyForDeploymentPostprocessing = 0;
		};
		7CAEE7CA26F0968700EF7B39 /* Resources */ = {
			isa = PBXResourcesBuildPhase;
			buildActionMask = 2147483647;
			files = (
			);
			runOnlyForDeploymentPostprocessing = 0;
		};
/* End PBXResourcesBuildPhase section */

/* Begin PBXSourcesBuildPhase section */
		7CAEE7A726F0968600EF7B39 /* Sources */ = {
			isa = PBXSourcesBuildPhase;
			buildActionMask = 2147483647;
			files = (
				7CAEE7B326F0968600EF7B39 /* ViewController.swift in Sources */,
				7CAEE7AF26F0968600EF7B39 /* AppDelegate.swift in Sources */,
				7CFF78B026F1BF75002888F6 /* SliderCell.swift in Sources */,
				7CAEE7B126F0968600EF7B39 /* SceneDelegate.swift in Sources */,
			);
			runOnlyForDeploymentPostprocessing = 0;
		};
		7CAEE7BD26F0968700EF7B39 /* Sources */ = {
			isa = PBXSourcesBuildPhase;
			buildActionMask = 2147483647;
			files = (
				7CAEE7C626F0968700EF7B39 /* BannerSliderTests.swift in Sources */,
			);
			runOnlyForDeploymentPostprocessing = 0;
		};
		7CAEE7C826F0968700EF7B39 /* Sources */ = {
			isa = PBXSourcesBuildPhase;
			buildActionMask = 2147483647;
			files = (
				7CAEE7D126F0968700EF7B39 /* BannerSliderUITests.swift in Sources */,
			);
			runOnlyForDeploymentPostprocessing = 0;
		};
/* End PBXSourcesBuildPhase section */

/* Begin PBXTargetDependency section */
		7CAEE7C326F0968700EF7B39 /* PBXTargetDependency */ = {
			isa = PBXTargetDependency;
			target = 7CAEE7AA26F0968600EF7B39 /* BannerSlider */;
			targetProxy = 7CAEE7C226F0968700EF7B39 /* PBXContainerItemProxy */;
		};
		7CAEE7CE26F0968700EF7B39 /* PBXTargetDependency */ = {
			isa = PBXTargetDependency;
			target = 7CAEE7AA26F0968600EF7B39 /* BannerSlider */;
			targetProxy = 7CAEE7CD26F0968700EF7B39 /* PBXContainerItemProxy */;
		};
/* End PBXTargetDependency section */

/* Begin PBXVariantGroup section */
		7CAEE7B426F0968600EF7B39 /* Main.storyboard */ = {
			isa = PBXVariantGroup;
			children = (
				7CAEE7B526F0968600EF7B39 /* Base */,
			);
			name = Main.storyboard;
			sourceTree = "<group>";
		};
		7CAEE7B926F0968700EF7B39 /* LaunchScreen.storyboard */ = {
			isa = PBXVariantGroup;
			children = (
				7CAEE7BA26F0968700EF7B39 /* Base */,
			);
			name = LaunchScreen.storyboard;
			sourceTree = "<group>";
		};
/* End PBXVariantGroup section */

/* Begin XCBuildConfiguration section */
		7CAEE7D326F0968700EF7B39 /* Debug */ = {
			isa = XCBuildConfiguration;
			buildSettings = {
				ALWAYS_SEARCH_USER_PATHS = NO;
				CLANG_ANALYZER_NONNULL = YES;
				CLANG_ANALYZER_NUMBER_OBJECT_CONVERSION = YES_AGGRESSIVE;
				CLANG_CXX_LANGUAGE_STANDARD = "gnu++14";
				CLANG_CXX_LIBRARY = "libc++";
				CLANG_ENABLE_MODULES = YES;
				CLANG_ENABLE_OBJC_ARC = YES;
				CLANG_ENABLE_OBJC_WEAK = YES;
				CLANG_WARN_BLOCK_CAPTURE_AUTORELEASING = YES;
				CLANG_WARN_BOOL_CONVERSION = YES;
				CLANG_WARN_COMMA = YES;
				CLANG_WARN_CONSTANT_CONVERSION = YES;
				CLANG_WARN_DEPRECATED_OBJC_IMPLEMENTATIONS = YES;
				CLANG_WARN_DIRECT_OBJC_ISA_USAGE = YES_ERROR;
				CLANG_WARN_DOCUMENTATION_COMMENTS = YES;
				CLANG_WARN_EMPTY_BODY = YES;
				CLANG_WARN_ENUM_CONVERSION = YES;
				CLANG_WARN_INFINITE_RECURSION = YES;
				CLANG_WARN_INT_CONVERSION = YES;
				CLANG_WARN_NON_LITERAL_NULL_CONVERSION = YES;
				CLANG_WARN_OBJC_IMPLICIT_RETAIN_SELF = YES;
				CLANG_WARN_OBJC_LITERAL_CONVERSION = YES;
				CLANG_WARN_OBJC_ROOT_CLASS = YES_ERROR;
				CLANG_WARN_QUOTED_INCLUDE_IN_FRAMEWORK_HEADER = YES;
				CLANG_WARN_RANGE_LOOP_ANALYSIS = YES;
				CLANG_WARN_STRICT_PROTOTYPES = YES;
				CLANG_WARN_SUSPICIOUS_MOVE = YES;
				CLANG_WARN_UNGUARDED_AVAILABILITY = YES_AGGRESSIVE;
				CLANG_WARN_UNREACHABLE_CODE = YES;
				CLANG_WARN__DUPLICATE_METHOD_MATCH = YES;
				COPY_PHASE_STRIP = NO;
				DEBUG_INFORMATION_FORMAT = dwarf;
				ENABLE_STRICT_OBJC_MSGSEND = YES;
				ENABLE_TESTABILITY = YES;
				GCC_C_LANGUAGE_STANDARD = gnu11;
				GCC_DYNAMIC_NO_PIC = NO;
				GCC_NO_COMMON_BLOCKS = YES;
				GCC_OPTIMIZATION_LEVEL = 0;
				GCC_PREPROCESSOR_DEFINITIONS = (
					"DEBUG=1",
					"$(inherited)",
				);
				GCC_WARN_64_TO_32_BIT_CONVERSION = YES;
				GCC_WARN_ABOUT_RETURN_TYPE = YES_ERROR;
				GCC_WARN_UNDECLARED_SELECTOR = YES;
				GCC_WARN_UNINITIALIZED_AUTOS = YES_AGGRESSIVE;
				GCC_WARN_UNUSED_FUNCTION = YES;
				GCC_WARN_UNUSED_VARIABLE = YES;
				IPHONEOS_DEPLOYMENT_TARGET = 14.4;
				MTL_ENABLE_DEBUG_INFO = INCLUDE_SOURCE;
				MTL_FAST_MATH = YES;
				ONLY_ACTIVE_ARCH = YES;
				SDKROOT = iphoneos;
				SWIFT_ACTIVE_COMPILATION_CONDITIONS = DEBUG;
				SWIFT_OPTIMIZATION_LEVEL = "-Onone";
			};
			name = Debug;
		};
		7CAEE7D426F0968700EF7B39 /* Release */ = {
			isa = XCBuildConfiguration;
			buildSettings = {
				ALWAYS_SEARCH_USER_PATHS = NO;
				CLANG_ANALYZER_NONNULL = YES;
				CLANG_ANALYZER_NUMBER_OBJECT_CONVERSION = YES_AGGRESSIVE;
				CLANG_CXX_LANGUAGE_STANDARD = "gnu++14";
				CLANG_CXX_LIBRARY = "libc++";
				CLANG_ENABLE_MODULES = YES;
				CLANG_ENABLE_OBJC_ARC = YES;
				CLANG_ENABLE_OBJC_WEAK = YES;
				CLANG_WARN_BLOCK_CAPTURE_AUTORELEASING = YES;
				CLANG_WARN_BOOL_CONVERSION = YES;
				CLANG_WARN_COMMA = YES;
				CLANG_WARN_CONSTANT_CONVERSION = YES;
				CLANG_WARN_DEPRECATED_OBJC_IMPLEMENTATIONS = YES;
				CLANG_WARN_DIRECT_OBJC_ISA_USAGE = YES_ERROR;
				CLANG_WARN_DOCUMENTATION_COMMENTS = YES;
				CLANG_WARN_EMPTY_BODY = YES;
				CLANG_WARN_ENUM_CONVERSION = YES;
				CLANG_WARN_INFINITE_RECURSION = YES;
				CLANG_WARN_INT_CONVERSION = YES;
				CLANG_WARN_NON_LITERAL_NULL_CONVERSION = YES;
				CLANG_WARN_OBJC_IMPLICIT_RETAIN_SELF = YES;
				CLANG_WARN_OBJC_LITERAL_CONVERSION = YES;
				CLANG_WARN_OBJC_ROOT_CLASS = YES_ERROR;
				CLANG_WARN_QUOTED_INCLUDE_IN_FRAMEWORK_HEADER = YES;
				CLANG_WARN_RANGE_LOOP_ANALYSIS = YES;
				CLANG_WARN_STRICT_PROTOTYPES = YES;
				CLANG_WARN_SUSPICIOUS_MOVE = YES;
				CLANG_WARN_UNGUARDED_AVAILABILITY = YES_AGGRESSIVE;
				CLANG_WARN_UNREACHABLE_CODE = YES;
				CLANG_WARN__DUPLICATE_METHOD_MATCH = YES;
				COPY_PHASE_STRIP = NO;
				DEBUG_INFORMATION_FORMAT = "dwarf-with-dsym";
				ENABLE_NS_ASSERTIONS = NO;
				ENABLE_STRICT_OBJC_MSGSEND = YES;
				GCC_C_LANGUAGE_STANDARD = gnu11;
				GCC_NO_COMMON_BLOCKS = YES;
				GCC_WARN_64_TO_32_BIT_CONVERSION = YES;
				GCC_WARN_ABOUT_RETURN_TYPE = YES_ERROR;
				GCC_WARN_UNDECLARED_SELECTOR = YES;
				GCC_WARN_UNINITIALIZED_AUTOS = YES_AGGRESSIVE;
				GCC_WARN_UNUSED_FUNCTION = YES;
				GCC_WARN_UNUSED_VARIABLE = YES;
				IPHONEOS_DEPLOYMENT_TARGET = 14.4;
				MTL_ENABLE_DEBUG_INFO = NO;
				MTL_FAST_MATH = YES;
				SDKROOT = iphoneos;
				SWIFT_COMPILATION_MODE = wholemodule;
				SWIFT_OPTIMIZATION_LEVEL = "-O";
				VALIDATE_PRODUCT = YES;
			};
			name = Release;
		};
		7CAEE7D626F0968700EF7B39 /* Debug */ = {
			isa = XCBuildConfiguration;
			buildSettings = {
				ASSETCATALOG_COMPILER_APPICON_NAME = AppIcon;
				ASSETCATALOG_COMPILER_GLOBAL_ACCENT_COLOR_NAME = AccentColor;
				CODE_SIGN_STYLE = Automatic;
				DEVELOPMENT_TEAM = ZGM65F7AMK;
				INFOPLIST_FILE = BannerSlider/Info.plist;
				LD_RUNPATH_SEARCH_PATHS = (
					"$(inherited)",
					"@executable_path/Frameworks",
				);
				PRODUCT_BUNDLE_IDENTIFIER = com.ulasgoktas.BannerSlider;
				PRODUCT_NAME = "$(TARGET_NAME)";
				SWIFT_VERSION = 5.0;
				TARGETED_DEVICE_FAMILY = "1,2";
			};
			name = Debug;
		};
		7CAEE7D726F0968700EF7B39 /* Release */ = {
			isa = XCBuildConfiguration;
			buildSettings = {
				ASSETCATALOG_COMPILER_APPICON_NAME = AppIcon;
				ASSETCATALOG_COMPILER_GLOBAL_ACCENT_COLOR_NAME = AccentColor;
				CODE_SIGN_STYLE = Automatic;
				DEVELOPMENT_TEAM = ZGM65F7AMK;
				INFOPLIST_FILE = BannerSlider/Info.plist;
				LD_RUNPATH_SEARCH_PATHS = (
					"$(inherited)",
					"@executable_path/Frameworks",
				);
				PRODUCT_BUNDLE_IDENTIFIER = com.ulasgoktas.BannerSlider;
				PRODUCT_NAME = "$(TARGET_NAME)";
				SWIFT_VERSION = 5.0;
				TARGETED_DEVICE_FAMILY = "1,2";
			};
			name = Release;
		};
		7CAEE7D926F0968700EF7B39 /* Debug */ = {
			isa = XCBuildConfiguration;
			buildSettings = {
				ALWAYS_EMBED_SWIFT_STANDARD_LIBRARIES = YES;
				BUNDLE_LOADER = "$(TEST_HOST)";
				CODE_SIGN_STYLE = Automatic;
				DEVELOPMENT_TEAM = ZGM65F7AMK;
				INFOPLIST_FILE = BannerSliderTests/Info.plist;
				IPHONEOS_DEPLOYMENT_TARGET = 14.4;
				LD_RUNPATH_SEARCH_PATHS = (
					"$(inherited)",
					"@executable_path/Frameworks",
					"@loader_path/Frameworks",
				);
				PRODUCT_BUNDLE_IDENTIFIER = com.ulasgoktas.BannerSliderTests;
				PRODUCT_NAME = "$(TARGET_NAME)";
				SWIFT_VERSION = 5.0;
				TARGETED_DEVICE_FAMILY = "1,2";
				TEST_HOST = "$(BUILT_PRODUCTS_DIR)/BannerSlider.app/BannerSlider";
			};
			name = Debug;
		};
		7CAEE7DA26F0968700EF7B39 /* Release */ = {
			isa = XCBuildConfiguration;
			buildSettings = {
				ALWAYS_EMBED_SWIFT_STANDARD_LIBRARIES = YES;
				BUNDLE_LOADER = "$(TEST_HOST)";
				CODE_SIGN_STYLE = Automatic;
				DEVELOPMENT_TEAM = ZGM65F7AMK;
				INFOPLIST_FILE = BannerSliderTests/Info.plist;
				IPHONEOS_DEPLOYMENT_TARGET = 14.4;
				LD_RUNPATH_SEARCH_PATHS = (
					"$(inherited)",
					"@executable_path/Frameworks",
					"@loader_path/Frameworks",
				);
				PRODUCT_BUNDLE_IDENTIFIER = com.ulasgoktas.BannerSliderTests;
				PRODUCT_NAME = "$(TARGET_NAME)";
				SWIFT_VERSION = 5.0;
				TARGETED_DEVICE_FAMILY = "1,2";
				TEST_HOST = "$(BUILT_PRODUCTS_DIR)/BannerSlider.app/BannerSlider";
			};
			name = Release;
		};
		7CAEE7DC26F0968700EF7B39 /* Debug */ = {
			isa = XCBuildConfiguration;
			buildSettings = {
				ALWAYS_EMBED_SWIFT_STANDARD_LIBRARIES = YES;
				CODE_SIGN_STYLE = Automatic;
				DEVELOPMENT_TEAM = ZGM65F7AMK;
				INFOPLIST_FILE = BannerSliderUITests/Info.plist;
				LD_RUNPATH_SEARCH_PATHS = (
					"$(inherited)",
					"@executable_path/Frameworks",
					"@loader_path/Frameworks",
				);
				PRODUCT_BUNDLE_IDENTIFIER = com.ulasgoktas.BannerSliderUITests;
				PRODUCT_NAME = "$(TARGET_NAME)";
				SWIFT_VERSION = 5.0;
				TARGETED_DEVICE_FAMILY = "1,2";
				TEST_TARGET_NAME = BannerSlider;
			};
			name = Debug;
		};
		7CAEE7DD26F0968700EF7B39 /* Release */ = {
			isa = XCBuildConfiguration;
			buildSettings = {
				ALWAYS_EMBED_SWIFT_STANDARD_LIBRARIES = YES;
				CODE_SIGN_STYLE = Automatic;
				DEVELOPMENT_TEAM = ZGM65F7AMK;
				INFOPLIST_FILE = BannerSliderUITests/Info.plist;
				LD_RUNPATH_SEARCH_PATHS = (
					"$(inherited)",
					"@executable_path/Frameworks",
					"@loader_path/Frameworks",
				);
				PRODUCT_BUNDLE_IDENTIFIER = com.ulasgoktas.BannerSliderUITests;
				PRODUCT_NAME = "$(TARGET_NAME)";
				SWIFT_VERSION = 5.0;
				TARGETED_DEVICE_FAMILY = "1,2";
				TEST_TARGET_NAME = BannerSlider;
			};
			name = Release;
		};
/* End XCBuildConfiguration section */

/* Begin XCConfigurationList section */
		7CAEE7A626F0968600EF7B39 /* Build configuration list for PBXProject "BannerSlider" */ = {
			isa = XCConfigurationList;
			buildConfigurations = (
				7CAEE7D326F0968700EF7B39 /* Debug */,
				7CAEE7D426F0968700EF7B39 /* Release */,
			);
			defaultConfigurationIsVisible = 0;
			defaultConfigurationName = Release;
		};
		7CAEE7D526F0968700EF7B39 /* Build configuration list for PBXNativeTarget "BannerSlider" */ = {
			isa = XCConfigurationList;
			buildConfigurations = (
				7CAEE7D626F0968700EF7B39 /* Debug */,
				7CAEE7D726F0968700EF7B39 /* Release */,
			);
			defaultConfigurationIsVisible = 0;
			defaultConfigurationName = Release;
		};
		7CAEE7D826F0968700EF7B39 /* Build configuration list for PBXNativeTarget "BannerSliderTests" */ = {
			isa = XCConfigurationList;
			buildConfigurations = (
				7CAEE7D926F0968700EF7B39 /* Debug */,
				7CAEE7DA26F0968700EF7B39 /* Release */,
			);
			defaultConfigurationIsVisible = 0;
			defaultConfigurationName = Release;
		};
		7CAEE7DB26F0968700EF7B39 /* Build configuration list for PBXNativeTarget "BannerSliderUITests" */ = {
			isa = XCConfigurationList;
			buildConfigurations = (
				7CAEE7DC26F0968700EF7B39 /* Debug */,
				7CAEE7DD26F0968700EF7B39 /* Release */,
			);
			defaultConfigurationIsVisible = 0;
			defaultConfigurationName = Release;
		};
/* End XCConfigurationList section */
	};
	rootObject = 7CAEE7A326F0968600EF7B39 /* Project object */;
}
